
Microsoft Visual Studio Solution File, Format Version 12.00
# Visual Studio Version 16
VisualStudioVersion = 16.0.29911.84
MinimumVisualStudioVersion = 10.0.40219.1
Project("{FAE04EC0-301F-11D3-BF4B-00C04F79EFBC}") = "Example.Framework", "Example.Framework\Example.Framework.csproj", "{384A30B9-28C1-4E25-9137-B1C8D383E52C}"
EndProject
Global
	GlobalSection(SolutionConfigurationPlatforms) = preSolution
		Debug|Any CPU = Debug|Any CPU
		Release|Any CPU = Release|Any CPU
	EndGlobalSection
	GlobalSection(ProjectConfigurationPlatforms) = postSolution
		{384A30B9-28C1-4E25-9137-B1C8D383E52C}.Debug|Any CPU.ActiveCfg = Debug|Any CPU
		{384A30B9-28C1-4E25-9137-B1C8D383E52C}.Debug|Any CPU.Build.0 = Debug|Any CPU
		{384A30B9-28C1-4E25-9137-B1C8D383E52C}.Release|Any CPU.ActiveCfg = Release|Any CPU
		{384A30B9-28C1-4E25-9137-B1C8D383E52C}.Release|Any CPU.Build.0 = Release|Any CPU
	EndGlobalSection
	GlobalSection(SolutionProperties) = preSolution
		HideSolutionNode = FALSE
	EndGlobalSection
	GlobalSection(ExtensibilityGlobals) = postSolution
		SolutionGuid = {2D4C1FD4-82A7-4741-929F-1F4B4CA7B9C5}
	EndGlobalSection
EndGlobal
